
Microsoft Visual Studio Solution File, Format Version 12.00
# Visual Studio Version 17
VisualStudioVersion = 17.0.31903.59
MinimumVisualStudioVersion = 10.0.40219.1
Project("{FAE04EC0-301F-11D3-BF4B-00C04F79EFBC}") = "PersonalExpenses.Business", "PersonalExpenses.Business\PersonalExpenses.Business.csproj", "{6F9DC81D-B92E-4F93-A779-3B0E1427CC61}"
EndProject
Project("{FAE04EC0-301F-11D3-BF4B-00C04F79EFBC}") = "PersonalExpenses.Data", "PersonalExpenses.Data\PersonalExpenses.Data.csproj", "{49BA5A00-2056-4DAD-AF2F-32FA63BC3DAC}"
EndProject
Project("{FAE04EC0-301F-11D3-BF4B-00C04F79EFBC}") = "PersonalExpenses.Entities", "PersonalExpenses.Entities\PersonalExpenses.Entities.csproj", "{9D2450C8-B349-47E2-B76D-D76B296D9A45}"
EndProject
Project("{FAE04EC0-301F-11D3-BF4B-00C04F79EFBC}") = "PersonalExpenses.Presentation", "PersonalExpenses.Presentation\PersonalExpenses.Presentation.csproj", "{C0EFE97A-2D85-4391-AE7F-9389F1742624}"
EndProject
Global
	GlobalSection(SolutionConfigurationPlatforms) = preSolution
		Debug|Any CPU = Debug|Any CPU
		Debug|x64 = Debug|x64
		Debug|x86 = Debug|x86
		Release|Any CPU = Release|Any CPU
		Release|x64 = Release|x64
		Release|x86 = Release|x86
	EndGlobalSection
	GlobalSection(ProjectConfigurationPlatforms) = postSolution
		{6F9DC81D-B92E-4F93-A779-3B0E1427CC61}.Debug|Any CPU.ActiveCfg = Debug|Any CPU
		{6F9DC81D-B92E-4F93-A779-3B0E1427CC61}.Debug|Any CPU.Build.0 = Debug|Any CPU
		{6F9DC81D-B92E-4F93-A779-3B0E1427CC61}.Debug|x64.ActiveCfg = Debug|Any CPU
		{6F9DC81D-B92E-4F93-A779-3B0E1427CC61}.Debug|x64.Build.0 = Debug|Any CPU
		{6F9DC81D-B92E-4F93-A779-3B0E1427CC61}.Debug|x86.ActiveCfg = Debug|Any CPU
		{6F9DC81D-B92E-4F93-A779-3B0E1427CC61}.Debug|x86.Build.0 = Debug|Any CPU
		{6F9DC81D-B92E-4F93-A779-3B0E1427CC61}.Release|Any CPU.ActiveCfg = Release|Any CPU
		{6F9DC81D-B92E-4F93-A779-3B0E1427CC61}.Release|Any CPU.Build.0 = Release|Any CPU
		{6F9DC81D-B92E-4F93-A779-3B0E1427CC61}.Release|x64.ActiveCfg = Release|Any CPU
		{6F9DC81D-B92E-4F93-A779-3B0E1427CC61}.Release|x64.Build.0 = Release|Any CPU
		{6F9DC81D-B92E-4F93-A779-3B0E1427CC61}.Release|x86.ActiveCfg = Release|Any CPU
		{6F9DC81D-B92E-4F93-A779-3B0E1427CC61}.Release|x86.Build.0 = Release|Any CPU
		{49BA5A00-2056-4DAD-AF2F-32FA63BC3DAC}.Debug|Any CPU.ActiveCfg = Debug|Any CPU
		{49BA5A00-2056-4DAD-AF2F-32FA63BC3DAC}.Debug|Any CPU.Build.0 = Debug|Any CPU
		{49BA5A00-2056-4DAD-AF2F-32FA63BC3DAC}.Debug|x64.ActiveCfg = Debug|Any CPU
		{49BA5A00-2056-4DAD-AF2F-32FA63BC3DAC}.Debug|x64.Build.0 = Debug|Any CPU
		{49BA5A00-2056-4DAD-AF2F-32FA63BC3DAC}.Debug|x86.ActiveCfg = Debug|Any CPU
		{49BA5A00-2056-4DAD-AF2F-32FA63BC3DAC}.Debug|x86.Build.0 = Debug|Any CPU
		{49BA5A00-2056-4DAD-AF2F-32FA63BC3DAC}.Release|Any CPU.ActiveCfg = Release|Any CPU
		{49BA5A00-2056-4DAD-AF2F-32FA63BC3DAC}.Release|Any CPU.Build.0 = Release|Any CPU
		{49BA5A00-2056-4DAD-AF2F-32FA63BC3DAC}.Release|x64.ActiveCfg = Release|Any CPU
		{49BA5A00-2056-4DAD-AF2F-32FA63BC3DAC}.Release|x64.Build.0 = Release|Any CPU
		{49BA5A00-2056-4DAD-AF2F-32FA63BC3DAC}.Release|x86.ActiveCfg = Release|Any CPU
		{49BA5A00-2056-4DAD-AF2F-32FA63BC3DAC}.Release|x86.Build.0 = Release|Any CPU
		{9D2450C8-B349-47E2-B76D-D76B296D9A45}.Debug|Any CPU.ActiveCfg = Debug|Any CPU
		{9D2450C8-B349-47E2-B76D-D76B296D9A45}.Debug|Any CPU.Build.0 = Debug|Any CPU
		{9D2450C8-B349-47E2-B76D-D76B296D9A45}.Debug|x64.ActiveCfg = Debug|Any CPU
		{9D2450C8-B349-47E2-B76D-D76B296D9A45}.Debug|x64.Build.0 = Debug|Any CPU
		{9D2450C8-B349-47E2-B76D-D76B296D9A45}.Debug|x86.ActiveCfg = Debug|Any CPU
		{9D2450C8-B349-47E2-B76D-D76B296D9A45}.Debug|x86.Build.0 = Debug|Any CPU
		{9D2450C8-B349-47E2-B76D-D76B296D9A45}.Release|Any CPU.ActiveCfg = Release|Any CPU
		{9D2450C8-B349-47E2-B76D-D76B296D9A45}.Release|Any CPU.Build.0 = Release|Any CPU
		{9D2450C8-B349-47E2-B76D-D76B296D9A45}.Release|x64.ActiveCfg = Release|Any CPU
		{9D2450C8-B349-47E2-B76D-D76B296D9A45}.Release|x64.Build.0 = Release|Any CPU
		{9D2450C8-B349-47E2-B76D-D76B296D9A45}.Release|x86.ActiveCfg = Release|Any CPU
		{9D2450C8-B349-47E2-B76D-D76B296D9A45}.Release|x86.Build.0 = Release|Any CPU
		{C0EFE97A-2D85-4391-AE7F-9389F1742624}.Debug|Any CPU.ActiveCfg = Debug|Any CPU
		{C0EFE97A-2D85-4391-AE7F-9389F1742624}.Debug|Any CPU.Build.0 = Debug|Any CPU
		{C0EFE97A-2D85-4391-AE7F-9389F1742624}.Debug|x64.ActiveCfg = Debug|Any CPU
		{C0EFE97A-2D85-4391-AE7F-9389F1742624}.Debug|x64.Build.0 = Debug|Any CPU
		{C0EFE97A-2D85-4391-AE7F-9389F1742624}.Debug|x86.ActiveCfg = Debug|Any CPU
		{C0EFE97A-2D85-4391-AE7F-9389F1742624}.Debug|x86.Build.0 = Debug|Any CPU
		{C0EFE97A-2D85-4391-AE7F-9389F1742624}.Release|Any CPU.ActiveCfg = Release|Any CPU
		{C0EFE97A-2D85-4391-AE7F-9389F1742624}.Release|Any CPU.Build.0 = Release|Any CPU
		{C0EFE97A-2D85-4391-AE7F-9389F1742624}.Release|x64.ActiveCfg = Release|Any CPU
		{C0EFE97A-2D85-4391-AE7F-9389F1742624}.Release|x64.Build.0 = Release|Any CPU
		{C0EFE97A-2D85-4391-AE7F-9389F1742624}.Release|x86.ActiveCfg = Release|Any CPU
		{C0EFE97A-2D85-4391-AE7F-9389F1742624}.Release|x86.Build.0 = Release|Any CPU
	EndGlobalSection
	GlobalSection(SolutionProperties) = preSolution
		HideSolutionNode = FALSE
	EndGlobalSection
EndGlobal
